// !$*UTF8*$!
{
	archiveVersion = 1;
	classes = {
	};
	objectVersion = 46;
	objects = {

/* Begin PBXBuildFile section */
		9D77EA5C160321260071664B /* UIKit.framework in Frameworks */ = {isa = PBXBuildFile; fileRef = 9D77EA5B160321260071664B /* UIKit.framework */; };
		9D77EA5E160321270071664B /* Foundation.framework in Frameworks */ = {isa = PBXBuildFile; fileRef = 9D77EA5D160321260071664B /* Foundation.framework */; };
		9D77EA60160321270071664B /* CoreGraphics.framework in Frameworks */ = {isa = PBXBuildFile; fileRef = 9D77EA5F160321270071664B /* CoreGraphics.framework */; };
		9D77EA66160321270071664B /* InfoPlist.strings in Resources */ = {isa = PBXBuildFile; fileRef = 9D77EA64160321270071664B /* InfoPlist.strings */; };
		9D77EA68160321270071664B /* main.m in Sources */ = {isa = PBXBuildFile; fileRef = 9D77EA67160321270071664B /* main.m */; };
		9D77EA6C160321270071664B /* AppDelegate.m in Sources */ = {isa = PBXBuildFile; fileRef = 9D77EA6B160321270071664B /* AppDelegate.m */; };
		9D77EA6F160321270071664B /* ViewController.m in Sources */ = {isa = PBXBuildFile; fileRef = 9D77EA6E160321270071664B /* ViewController.m */; };
		9D77EA72160321270071664B /* ViewController.xib in Resources */ = {isa = PBXBuildFile; fileRef = 9D77EA70160321270071664B /* ViewController.xib */; };
		9DD8EC5416032D8B00E11D5B /* AddressBook.framework in Frameworks */ = {isa = PBXBuildFile; fileRef = 9DD8EC4A16032D8B00E11D5B /* AddressBook.framework */; };
		9DD8EC5516032D8B00E11D5B /* AddressBookUI.framework in Frameworks */ = {isa = PBXBuildFile; fileRef = 9DD8EC4B16032D8B00E11D5B /* AddressBookUI.framework */; };
		9DD8EC5616032D8B00E11D5B /* AudioToolbox.framework in Frameworks */ = {isa = PBXBuildFile; fileRef = 9DD8EC4C16032D8B00E11D5B /* AudioToolbox.framework */; };
		9DD8EC5716032D8B00E11D5B /* AVFoundation.framework in Frameworks */ = {isa = PBXBuildFile; fileRef = 9DD8EC4D16032D8B00E11D5B /* AVFoundation.framework */; };
		9DD8EC5816032D8B00E11D5B /* CoreLocation.framework in Frameworks */ = {isa = PBXBuildFile; fileRef = 9DD8EC4E16032D8B00E11D5B /* CoreLocation.framework */; };
		9DD8EC5916032D8B00E11D5B /* CoreMedia.framework in Frameworks */ = {isa = PBXBuildFile; fileRef = 9DD8EC4F16032D8B00E11D5B /* CoreMedia.framework */; };
		9DD8EC5A16032D8B00E11D5B /* MediaPlayer.framework in Frameworks */ = {isa = PBXBuildFile; fileRef = 9DD8EC5016032D8B00E11D5B /* MediaPlayer.framework */; };
		9DD8EC5B16032D8B00E11D5B /* MobileCoreServices.framework in Frameworks */ = {isa = PBXBuildFile; fileRef = 9DD8EC5116032D8B00E11D5B /* MobileCoreServices.framework */; };
		9DD8EC5C16032D8B00E11D5B /* QuartzCore.framework in Frameworks */ = {isa = PBXBuildFile; fileRef = 9DD8EC5216032D8B00E11D5B /* QuartzCore.framework */; };
		9DD8EC5D16032D8B00E11D5B /* SystemConfiguration.framework in Frameworks */ = {isa = PBXBuildFile; fileRef = 9DD8EC5316032D8B00E11D5B /* SystemConfiguration.framework */; };
		9DD8ECE516032FD900E11D5B /* www in Resources */ = {isa = PBXBuildFile; fileRef = 9DD8ECE416032FD900E11D5B /* www */; };
		9DD8ED19160337AC00E11D5B /* VERSION in Resources */ = {isa = PBXBuildFile; fileRef = 9DD8ED18160337AC00E11D5B /* VERSION */; };
		9DD8ED2A160338C000E11D5B /* libCordova.a in Frameworks */ = {isa = PBXBuildFile; fileRef = 9DD8ED25160337CB00E11D5B /* libCordova.a */; };
/* End PBXBuildFile section */

/* Begin PBXContainerItemProxy section */
		9DD8ED24160337CB00E11D5B /* PBXContainerItemProxy */ = {
			isa = PBXContainerItemProxy;
			containerPortal = 9DD8ED1A160337CA00E11D5B /* CordovaLib.xcodeproj */;
			proxyType = 2;
			remoteGlobalIDString = 68A32D7114102E1C006B237C;
			remoteInfo = CordovaLib;
		};
		9DD8ED26160337CB00E11D5B /* PBXContainerItemProxy */ = {
			isa = PBXContainerItemProxy;
			containerPortal = 9DD8ED1A160337CA00E11D5B /* CordovaLib.xcodeproj */;
			proxyType = 2;
			remoteGlobalIDString = 686357A9141002F100DF4CF2;
			remoteInfo = CordovaLibTests;
		};
		9DD8ED28160337CB00E11D5B /* PBXContainerItemProxy */ = {
			isa = PBXContainerItemProxy;
			containerPortal = 9DD8ED1A160337CA00E11D5B /* CordovaLib.xcodeproj */;
			proxyType = 2;
			remoteGlobalIDString = 303A4068152124BB00182201;
			remoteInfo = CordovaLibApp;
		};
/* End PBXContainerItemProxy section */

/* Begin PBXFileReference section */
		9D77EA57160321260071664B /* ImportPhoenGapProject.app */ = {isa = PBXFileReference; explicitFileType = wrapper.application; includeInIndex = 0; path = ImportPhoenGapProject.app; sourceTree = BUILT_PRODUCTS_DIR; };
		9D77EA5B160321260071664B /* UIKit.framework */ = {isa = PBXFileReference; lastKnownFileType = wrapper.framework; name = UIKit.framework; path = System/Library/Frameworks/UIKit.framework; sourceTree = SDKROOT; };
		9D77EA5D160321260071664B /* Foundation.framework */ = {isa = PBXFileReference; lastKnownFileType = wrapper.framework; name = Foundation.framework; path = System/Library/Frameworks/Foundation.framework; sourceTree = SDKROOT; };
		9D77EA5F160321270071664B /* CoreGraphics.framework */ = {isa = PBXFileReference; lastKnownFileType = wrapper.framework; name = CoreGraphics.framework; path = System/Library/Frameworks/CoreGraphics.framework; sourceTree = SDKROOT; };
		9D77EA63160321270071664B /* ImportPhoenGapProject-Info.plist */ = {isa = PBXFileReference; lastKnownFileType = text.plist.xml; path = "ImportPhoenGapProject-Info.plist"; sourceTree = "<group>"; };
		9D77EA65160321270071664B /* en */ = {isa = PBXFileReference; lastKnownFileType = text.plist.strings; name = en; path = en.lproj/InfoPlist.strings; sourceTree = "<group>"; };
		9D77EA67160321270071664B /* main.m */ = {isa = PBXFileReference; lastKnownFileType = sourcecode.c.objc; path = main.m; sourceTree = "<group>"; };
		9D77EA69160321270071664B /* ImportPhoenGapProject-Prefix.pch */ = {isa = PBXFileReference; lastKnownFileType = sourcecode.c.h; path = "ImportPhoenGapProject-Prefix.pch"; sourceTree = "<group>"; };
		9D77EA6A160321270071664B /* AppDelegate.h */ = {isa = PBXFileReference; lastKnownFileType = sourcecode.c.h; path = AppDelegate.h; sourceTree = "<group>"; };
		9D77EA6B160321270071664B /* AppDelegate.m */ = {isa = PBXFileReference; lastKnownFileType = sourcecode.c.objc; path = AppDelegate.m; sourceTree = "<group>"; };
		9D77EA6D160321270071664B /* ViewController.h */ = {isa = PBXFileReference; lastKnownFileType = sourcecode.c.h; path = ViewController.h; sourceTree = "<group>"; };
		9D77EA6E160321270071664B /* ViewController.m */ = {isa = PBXFileReference; lastKnownFileType = sourcecode.c.objc; path = ViewController.m; sourceTree = "<group>"; };
		9D77EA71160321270071664B /* en */ = {isa = PBXFileReference; lastKnownFileType = file.xib; name = en; path = en.lproj/ViewController.xib; sourceTree = "<group>"; };
		9DD8EC4A16032D8B00E11D5B /* AddressBook.framework */ = {isa = PBXFileReference; lastKnownFileType = wrapper.framework; name = AddressBook.framework; path = System/Library/Frameworks/AddressBook.framework; sourceTree = SDKROOT; };
		9DD8EC4B16032D8B00E11D5B /* AddressBookUI.framework */ = {isa = PBXFileReference; lastKnownFileType = wrapper.framework; name = AddressBookUI.framework; path = System/Library/Frameworks/AddressBookUI.framework; sourceTree = SDKROOT; };
		9DD8EC4C16032D8B00E11D5B /* AudioToolbox.framework */ = {isa = PBXFileReference; lastKnownFileType = wrapper.framework; name = AudioToolbox.framework; path = System/Library/Frameworks/AudioToolbox.framework; sourceTree = SDKROOT; };
		9DD8EC4D16032D8B00E11D5B /* AVFoundation.framework */ = {isa = PBXFileReference; lastKnownFileType = wrapper.framework; name = AVFoundation.framework; path = System/Library/Frameworks/AVFoundation.framework; sourceTree = SDKROOT; };
		9DD8EC4E16032D8B00E11D5B /* CoreLocation.framework */ = {isa = PBXFileReference; lastKnownFileType = wrapper.framework; name = CoreLocation.framework; path = System/Library/Frameworks/CoreLocation.framework; sourceTree = SDKROOT; };
		9DD8EC4F16032D8B00E11D5B /* CoreMedia.framework */ = {isa = PBXFileReference; lastKnownFileType = wrapper.framework; name = CoreMedia.framework; path = System/Library/Frameworks/CoreMedia.framework; sourceTree = SDKROOT; };
		9DD8EC5016032D8B00E11D5B /* MediaPlayer.framework */ = {isa = PBXFileReference; lastKnownFileType = wrapper.framework; name = MediaPlayer.framework; path = System/Library/Frameworks/MediaPlayer.framework; sourceTree = SDKROOT; };
		9DD8EC5116032D8B00E11D5B /* MobileCoreServices.framework */ = {isa = PBXFileReference; lastKnownFileType = wrapper.framework; name = MobileCoreServices.framework; path = System/Library/Frameworks/MobileCoreServices.framework; sourceTree = SDKROOT; };
		9DD8EC5216032D8B00E11D5B /* QuartzCore.framework */ = {isa = PBXFileReference; lastKnownFileType = wrapper.framework; name = QuartzCore.framework; path = System/Library/Frameworks/QuartzCore.framework; sourceTree = SDKROOT; };
		9DD8EC5316032D8B00E11D5B /* SystemConfiguration.framework */ = {isa = PBXFileReference; lastKnownFileType = wrapper.framework; name = SystemConfiguration.framework; path = System/Library/Frameworks/SystemConfiguration.framework; sourceTree = SDKROOT; };
		9DD8ECE416032FD900E11D5B /* www */ = {isa = PBXFileReference; lastKnownFileType = folder; path = www; sourceTree = "<group>"; };
		9DD8ED18160337AC00E11D5B /* VERSION */ = {isa = PBXFileReference; fileEncoding = 4; lastKnownFileType = text; path = VERSION; sourceTree = "<group>"; };
		9DD8ED1A160337CA00E11D5B /* CordovaLib.xcodeproj */ = {isa = PBXFileReference; lastKnownFileType = "wrapper.pb-project"; name = CordovaLib.xcodeproj; path = ../../Documents/CordovaLib/CordovaLib.xcodeproj; sourceTree = "<group>"; };
/* End PBXFileReference section */

/* Begin PBXFrameworksBuildPhase section */
		9D77EA54160321260071664B /* Frameworks */ = {
			isa = PBXFrameworksBuildPhase;
			buildActionMask = 2147483647;
			files = (
				9DD8ED2A160338C000E11D5B /* libCordova.a in Frameworks */,
				9DD8EC5416032D8B00E11D5B /* AddressBook.framework in Frameworks */,
				9DD8EC5516032D8B00E11D5B /* AddressBookUI.framework in Frameworks */,
				9DD8EC5616032D8B00E11D5B /* AudioToolbox.framework in Frameworks */,
				9DD8EC5716032D8B00E11D5B /* AVFoundation.framework in Frameworks */,
				9DD8EC5816032D8B00E11D5B /* CoreLocation.framework in Frameworks */,
				9DD8EC5916032D8B00E11D5B /* CoreMedia.framework in Frameworks */,
				9DD8EC5A16032D8B00E11D5B /* MediaPlayer.framework in Frameworks */,
				9DD8EC5B16032D8B00E11D5B /* MobileCoreServices.framework in Frameworks */,
				9DD8EC5C16032D8B00E11D5B /* QuartzCore.framework in Frameworks */,
				9DD8EC5D16032D8B00E11D5B /* SystemConfiguration.framework in Frameworks */,
				9D77EA5C160321260071664B /* UIKit.framework in Frameworks */,
				9D77EA5E160321270071664B /* Foundation.framework in Frameworks */,
				9D77EA60160321270071664B /* CoreGraphics.framework in Frameworks */,
			);
			runOnlyForDeploymentPostprocessing = 0;
		};
/* End PBXFrameworksBuildPhase section */

/* Begin PBXGroup section */
		9D77EA4C160321260071664B = {
			isa = PBXGroup;
			children = (
				9DD8ED1A160337CA00E11D5B /* CordovaLib.xcodeproj */,
				9DD8ED18160337AC00E11D5B /* VERSION */,
				9DD8ECE416032FD900E11D5B /* www */,
				9D77EA61160321270071664B /* ImportPhoenGapProject */,
				9D77EA5A160321260071664B /* Frameworks */,
				9D77EA58160321260071664B /* Products */,
			);
			sourceTree = "<group>";
		};
		9D77EA58160321260071664B /* Products */ = {
			isa = PBXGroup;
			children = (
				9D77EA57160321260071664B /* ImportPhoenGapProject.app */,
			);
			name = Products;
			sourceTree = "<group>";
		};
		9D77EA5A160321260071664B /* Frameworks */ = {
			isa = PBXGroup;
			children = (
				9DD8EC4A16032D8B00E11D5B /* AddressBook.framework */,
				9DD8EC4B16032D8B00E11D5B /* AddressBookUI.framework */,
				9DD8EC4C16032D8B00E11D5B /* AudioToolbox.framework */,
				9DD8EC4D16032D8B00E11D5B /* AVFoundation.framework */,
				9DD8EC4E16032D8B00E11D5B /* CoreLocation.framework */,
				9DD8EC4F16032D8B00E11D5B /* CoreMedia.framework */,
				9DD8EC5016032D8B00E11D5B /* MediaPlayer.framework */,
				9DD8EC5116032D8B00E11D5B /* MobileCoreServices.framework */,
				9DD8EC5216032D8B00E11D5B /* QuartzCore.framework */,
				9DD8EC5316032D8B00E11D5B /* SystemConfiguration.framework */,
				9D77EA5B160321260071664B /* UIKit.framework */,
				9D77EA5D160321260071664B /* Foundation.framework */,
				9D77EA5F160321270071664B /* CoreGraphics.framework */,
			);
			name = Frameworks;
			sourceTree = "<group>";
		};
		9D77EA61160321270071664B /* ImportPhoenGapProject */ = {
			isa = PBXGroup;
			children = (
				9D77EA6A160321270071664B /* AppDelegate.h */,
				9D77EA6B160321270071664B /* AppDelegate.m */,
				9D77EA6D160321270071664B /* ViewController.h */,
				9D77EA6E160321270071664B /* ViewController.m */,
				9D77EA70160321270071664B /* ViewController.xib */,
				9D77EA62160321270071664B /* Supporting Files */,
			);
			path = ImportPhoenGapProject;
			sourceTree = "<group>";
		};
		9D77EA62160321270071664B /* Supporting Files */ = {
			isa = PBXGroup;
			children = (
				9D77EA63160321270071664B /* ImportPhoenGapProject-Info.plist */,
				9D77EA64160321270071664B /* InfoPlist.strings */,
				9D77EA67160321270071664B /* main.m */,
				9D77EA69160321270071664B /* ImportPhoenGapProject-Prefix.pch */,
			);
			name = "Supporting Files";
			sourceTree = "<group>";
		};
		9DD8ED1B160337CA00E11D5B /* Products */ = {
			isa = PBXGroup;
			children = (
				9DD8ED25160337CB00E11D5B /* libCordova.a */,
				9DD8ED27160337CB00E11D5B /* CordovaLibTests.octest */,
				9DD8ED29160337CB00E11D5B /* CordovaLibApp.app */,
			);
			name = Products;
			sourceTree = "<group>";
		};
/* End PBXGroup section */

/* Begin PBXNativeTarget section */
		9D77EA56160321260071664B /* ImportPhoenGapProject */ = {
			isa = PBXNativeTarget;
			buildConfigurationList = 9D77EA75160321270071664B /* Build configuration list for PBXNativeTarget "ImportPhoenGapProject" */;
			buildPhases = (
				9D77EA53160321260071664B /* Sources */,
				9D77EA54160321260071664B /* Frameworks */,
				9D77EA55160321260071664B /* Resources */,
			);
			buildRules = (
			);
			dependencies = (
			);
			name = ImportPhoenGapProject;
			productName = ImportPhoenGapProject;
			productReference = 9D77EA57160321260071664B /* ImportPhoenGapProject.app */;
			productType = "com.apple.product-type.application";
		};
/* End PBXNativeTarget section */

/* Begin PBXProject section */
		9D77EA4E160321260071664B /* Project object */ = {
			isa = PBXProject;
			attributes = {
				LastUpgradeCheck = 0430;
			};
			buildConfigurationList = 9D77EA51160321260071664B /* Build configuration list for PBXProject "ImportPhoenGapProject" */;
			compatibilityVersion = "Xcode 3.2";
			developmentRegion = English;
			hasScannedForEncodings = 0;
			knownRegions = (
				en,
			);
			mainGroup = 9D77EA4C160321260071664B;
			productRefGroup = 9D77EA58160321260071664B /* Products */;
			projectDirPath = "";
			projectReferences = (
				{
					ProductGroup = 9DD8ED1B160337CA00E11D5B /* Products */;
					ProjectRef = 9DD8ED1A160337CA00E11D5B /* CordovaLib.xcodeproj */;
				},
			);
			projectRoot = "";
			targets = (
				9D77EA56160321260071664B /* ImportPhoenGapProject */,
			);
		};
/* End PBXProject section */

/* Begin PBXReferenceProxy section */
		9DD8ED25160337CB00E11D5B /* libCordova.a */ = {
			isa = PBXReferenceProxy;
			fileType = archive.ar;
			path = libCordova.a;
			remoteRef = 9DD8ED24160337CB00E11D5B /* PBXContainerItemProxy */;
			sourceTree = BUILT_PRODUCTS_DIR;
		};
		9DD8ED27160337CB00E11D5B /* CordovaLibTests.octest */ = {
			isa = PBXReferenceProxy;
			fileType = wrapper.cfbundle;
			path = CordovaLibTests.octest;
			remoteRef = 9DD8ED26160337CB00E11D5B /* PBXContainerItemProxy */;
			sourceTree = BUILT_PRODUCTS_DIR;
		};
		9DD8ED29160337CB00E11D5B /* CordovaLibApp.app */ = {
			isa = PBXReferenceProxy;
			fileType = wrapper.application;
			path = CordovaLibApp.app;
			remoteRef = 9DD8ED28160337CB00E11D5B /* PBXContainerItemProxy */;
			sourceTree = BUILT_PRODUCTS_DIR;
		};
/* End PBXReferenceProxy section */

/* Begin PBXResourcesBuildPhase section */
		9D77EA55160321260071664B /* Resources */ = {
			isa = PBXResourcesBuildPhase;
			buildActionMask = 2147483647;
			files = (
				9D77EA66160321270071664B /* InfoPlist.strings in Resources */,
				9D77EA72160321270071664B /* ViewController.xib in Resources */,
				9DD8ECE516032FD900E11D5B /* www in Resources */,
				9DD8ED19160337AC00E11D5B /* VERSION in Resources */,
			);
			runOnlyForDeploymentPostprocessing = 0;
		};
/* End PBXResourcesBuildPhase section */

/* Begin PBXSourcesBuildPhase section */
		9D77EA53160321260071664B /* Sources */ = {
			isa = PBXSourcesBuildPhase;
			buildActionMask = 2147483647;
			files = (
				9D77EA68160321270071664B /* main.m in Sources */,
				9D77EA6C160321270071664B /* AppDelegate.m in Sources */,
				9D77EA6F160321270071664B /* ViewController.m in Sources */,
			);
			runOnlyForDeploymentPostprocessing = 0;
		};
/* End PBXSourcesBuildPhase section */

/* Begin PBXVariantGroup section */
		9D77EA64160321270071664B /* InfoPlist.strings */ = {
			isa = PBXVariantGroup;
			children = (
				9D77EA65160321270071664B /* en */,
			);
			name = InfoPlist.strings;
			sourceTree = "<group>";
		};
		9D77EA70160321270071664B /* ViewController.xib */ = {
			isa = PBXVariantGroup;
			children = (
				9D77EA71160321270071664B /* en */,
			);
			name = ViewController.xib;
			sourceTree = "<group>";
		};
/* End PBXVariantGroup section */

/* Begin XCBuildConfiguration section */
		9D77EA73160321270071664B /* Debug */ = {
			isa = XCBuildConfiguration;
			buildSettings = {
				ALWAYS_SEARCH_USER_PATHS = NO;
				ARCHS = "$(ARCHS_STANDARD_32_BIT)";
				CLANG_ENABLE_OBJC_ARC = YES;
				"CODE_SIGN_IDENTITY[sdk=iphoneos*]" = "iPhone Developer";
				COPY_PHASE_STRIP = NO;
				GCC_C_LANGUAGE_STANDARD = gnu99;
				GCC_DYNAMIC_NO_PIC = NO;
				GCC_OPTIMIZATION_LEVEL = 0;
				GCC_PREPROCESSOR_DEFINITIONS = (
					"DEBUG=1",
					"$(inherited)",
				);
				GCC_SYMBOLS_PRIVATE_EXTERN = NO;
				GCC_VERSION = com.apple.compilers.llvm.clang.1_0;
				GCC_WARN_ABOUT_RETURN_TYPE = YES;
				GCC_WARN_UNINITIALIZED_AUTOS = YES;
				GCC_WARN_UNUSED_VARIABLE = YES;
				IPHONEOS_DEPLOYMENT_TARGET = 5.1;
				SDKROOT = iphoneos;
			};
			name = Debug;
		};
		9D77EA74160321270071664B /* Release */ = {
			isa = XCBuildConfiguration;
			buildSettings = {
				ALWAYS_SEARCH_USER_PATHS = NO;
				ARCHS = "$(ARCHS_STANDARD_32_BIT)";
				CLANG_ENABLE_OBJC_ARC = YES;
				"CODE_SIGN_IDENTITY[sdk=iphoneos*]" = "iPhone Developer";
				COPY_PHASE_STRIP = YES;
				GCC_C_LANGUAGE_STANDARD = gnu99;
				GCC_VERSION = com.apple.compilers.llvm.clang.1_0;
				GCC_WARN_ABOUT_RETURN_TYPE = YES;
				GCC_WARN_UNINITIALIZED_AUTOS = YES;
				GCC_WARN_UNUSED_VARIABLE = YES;
				IPHONEOS_DEPLOYMENT_TARGET = 5.1;
				OTHER_CFLAGS = "-DNS_BLOCK_ASSERTIONS=1";
				SDKROOT = iphoneos;
				VALIDATE_PRODUCT = YES;
			};
			name = Release;
		};
		9D77EA76160321270071664B /* Debug */ = {
			isa = XCBuildConfiguration;
			buildSettings = {
				CODE_SIGN_IDENTITY = "iPhone Developer: guoqi yin (5GE69QGK49)";
				GCC_PRECOMPILE_PREFIX_HEADER = YES;
				GCC_PREFIX_HEADER = "ImportPhoenGapProject/ImportPhoenGapProject-Prefix.pch";
				INFOPLIST_FILE = "ImportPhoenGapProject/ImportPhoenGapProject-Info.plist";
				OTHER_LDFLAGS = (
					"-all_load",
					"-ObjC",
				);
				PRODUCT_NAME = "$(TARGET_NAME)";
				PROVISIONING_PROFILE = "6DB75035-B274-4FF2-A57A-3185B2EC255E";
				WRAPPER_EXTENSION = app;
			};
			name = Debug;
		};
		9D77EA77160321270071664B /* Release */ = {
			isa = XCBuildConfiguration;
			buildSettings = {
				CODE_SIGN_IDENTITY = "iPhone Developer: guoqi yin (5GE69QGK49)";
				GCC_PRECOMPILE_PREFIX_HEADER = YES;
				GCC_PREFIX_HEADER = "ImportPhoenGapProject/ImportPhoenGapProject-Prefix.pch";
				INFOPLIST_FILE = "ImportPhoenGapProject/ImportPhoenGapProject-Info.plist";
				OTHER_LDFLAGS = (
					"-all_load",
					"-ObjC",
				);
				PRODUCT_NAME = "$(TARGET_NAME)";
				PROVISIONING_PROFILE = "6DB75035-B274-4FF2-A57A-3185B2EC255E";
				WRAPPER_EXTENSION = app;
			};
			name = Release;
		};
/* End XCBuildConfiguration section */

/* Begin XCConfigurationList section */
		9D77EA51160321260071664B /* Build configuration list for PBXProject "ImportPhoenGapProject" */ = {
			isa = XCConfigurationList;
			buildConfigurations = (
				9D77EA73160321270071664B /* Debug */,
				9D77EA74160321270071664B /* Release */,
			);
			defaultConfigurationIsVisible = 0;
			defaultConfigurationName = Release;
		};
		9D77EA75160321270071664B /* Build configuration list for PBXNativeTarget "ImportPhoenGapProject" */ = {
			isa = XCConfigurationList;
			buildConfigurations = (
				9D77EA76160321270071664B /* Debug */,
				9D77EA77160321270071664B /* Release */,
			);
			defaultConfigurationIsVisible = 0;
			defaultConfigurationName = Release;
		};
/* End XCConfigurationList section */
	};
	rootObject = 9D77EA4E160321260071664B /* Project object */;
}
